
Microsoft Visual Studio Solution File, Format Version 12.00
# Visual Studio Version 17
VisualStudioVersion = 17.5.33424.131
MinimumVisualStudioVersion = 10.0.40219.1
Project("{FAE04EC0-301F-11D3-BF4B-00C04F79EFBC}") = "Task1_ExceptionsArr", "Task1_ExceptionsArr\Task1_ExceptionsArr.csproj", "{1FBD1791-EC97-4821-B553-79E54FDE2663}"
EndProject
Global
	GlobalSection(SolutionConfigurationPlatforms) = preSolution
		Debug|Any CPU = Debug|Any CPU
		Release|Any CPU = Release|Any CPU
	EndGlobalSection
	GlobalSection(ProjectConfigurationPlatforms) = postSolution
		{1FBD1791-EC97-4821-B553-79E54FDE2663}.Debug|Any CPU.ActiveCfg = Debug|Any CPU
		{1FBD1791-EC97-4821-B553-79E54FDE2663}.Debug|Any CPU.Build.0 = Debug|Any CPU
		{1FBD1791-EC97-4821-B553-79E54FDE2663}.Release|Any CPU.ActiveCfg = Release|Any CPU
		{1FBD1791-EC97-4821-B553-79E54FDE2663}.Release|Any CPU.Build.0 = Release|Any CPU
	EndGlobalSection
	GlobalSection(SolutionProperties) = preSolution
		HideSolutionNode = FALSE
	EndGlobalSection
	GlobalSection(ExtensibilityGlobals) = postSolution
		SolutionGuid = {F64B9E4A-ABC0-4F29-BA94-F4E4C7F28279}
	EndGlobalSection
EndGlobal
